# This file is generated by running "yarn install" inside your project.
# Manual changes might be lost - proceed with caution!

__metadata:
  version: 10
  cacheKey: 10c0

"@mongodb-js/saslprep@npm:^1.3.0":
  version: 1.3.2
  resolution: "@mongodb-js/saslprep@npm:1.3.2"
  dependencies:
    sparse-bitfield: "npm:^3.0.3"
  checksum: 10c0/88adf0281c063c4726839fc6cbd71d3ccd7be22e53922c298b24816c949154d3f664576996bc027907bf5d22ab5b2147946410496111b54ea47c00387e94dc77
  languageName: node
  linkType: hard

"@types/node@npm:*, @types/node@npm:^24.10.1":
  version: 24.10.1
  resolution: "@types/node@npm:24.10.1"
  dependencies:
    undici-types: "npm:~7.16.0"
  checksum: 10c0/d6bca7a78f550fbb376f236f92b405d676003a8a09a1b411f55920ef34286ee3ee51f566203920e835478784df52662b5b2af89159d9d319352e9ea21801c002
  languageName: node
  linkType: hard

"@types/webidl-conversions@npm:*":
  version: 7.0.3
  resolution: "@types/webidl-conversions@npm:7.0.3"
  checksum: 10c0/ac2ccff93b95ac7c8ca73dc6064403181691bba7ea144296f462dc9108a07be16cbad7b9c704b3df706dcc5a117e1f7bf7fb27aeb75b09c0f3148de8aee11aff
  languageName: node
  linkType: hard

"@types/whatwg-url@npm:^13.0.0":
  version: 13.0.0
  resolution: "@types/whatwg-url@npm:13.0.0"
  dependencies:
    "@types/webidl-conversions": "npm:*"
  checksum: 10c0/b7b53ae7b5290a0c26e2a5c6a2353af925fe9fc7ab0bbf642e8b76f65b39f638b471dadfda8da441aed3ca32cafd33b1a03459117c9ec85fd91b1e6c0e93044e
  languageName: node
  linkType: hard

"@types/ws@npm:^8.18.1":
  version: 8.18.1
  resolution: "@types/ws@npm:8.18.1"
  dependencies:
    "@types/node": "npm:*"
  checksum: 10c0/61aff1129143fcc4312f083bc9e9e168aa3026b7dd6e70796276dcfb2c8211c4292603f9c4864fae702f2ed86e4abd4d38aa421831c2fd7f856c931a481afbab
  languageName: node
  linkType: hard

"bson@npm:^7.0.0":
  version: 7.0.0
  resolution: "bson@npm:7.0.0"
  checksum: 10c0/6b12fb0411f4e6f4473da878c0aa615f03439040a349f4115beae336e3922265b25d833c6cc93fcb299017904b32e4ef86e284996f1103addc5918c576b57d9d
  languageName: node
  linkType: hard

"memory-pager@npm:^1.0.2":
  version: 1.5.0
  resolution: "memory-pager@npm:1.5.0"
  checksum: 10c0/2596e80c99fee24f05bd8a20cde2ee899012c996f4ec361ac76ed6f009f34149d733ac6f76880106ccd6a66d062ad439357578d383d429df66ba1278f68806e9
  languageName: node
  linkType: hard

"mongodb-connection-string-url@npm:^7.0.0":
  version: 7.0.0
  resolution: "mongodb-connection-string-url@npm:7.0.0"
  dependencies:
    "@types/whatwg-url": "npm:^13.0.0"
    whatwg-url: "npm:^14.1.0"
  checksum: 10c0/33fe304a0f8e59bf541b2ddef073ddb2ae66d6cb3175c6297c8f844004b1608573e2e61892aa8486f8273634c9cb8a90202d21c289aa1b1f8b8e5cd92711be09
  languageName: node
  linkType: hard

"mongodb@npm:^7.0.0":
  version: 7.0.0
  resolution: "mongodb@npm:7.0.0"
  dependencies:
    "@mongodb-js/saslprep": "npm:^1.3.0"
    bson: "npm:^7.0.0"
    mongodb-connection-string-url: "npm:^7.0.0"
  peerDependencies:
    "@aws-sdk/credential-providers": ^3.806.0
    "@mongodb-js/zstd": ^7.0.0
    gcp-metadata: ^7.0.1
    kerberos: ^7.0.0
    mongodb-client-encryption: ">=7.0.0 <7.1.0"
    snappy: ^7.3.2
    socks: ^2.8.6
  peerDependenciesMeta:
    "@aws-sdk/credential-providers":
      optional: true
    "@mongodb-js/zstd":
      optional: true
    gcp-metadata:
      optional: true
    kerberos:
      optional: true
    mongodb-client-encryption:
      optional: true
    snappy:
      optional: true
    socks:
      optional: true
  checksum: 10c0/425258188fd6d0d73c58ce2f16177d53d4280804b52de0e6dfd4ce0bec2c2965625c1765111f800ce8e6f2a28187657e8f42bf7dd6cc9675844e619b0dec18b9
  languageName: node
  linkType: hard

"punycode@npm:^2.3.1":
  version: 2.3.1
  resolution: "punycode@npm:2.3.1"
  checksum: 10c0/14f76a8206bc3464f794fb2e3d3cc665ae416c01893ad7a02b23766eb07159144ee612ad67af5e84fa4479ccfe67678c4feb126b0485651b302babf66f04f9e9
  languageName: node
  linkType: hard

"rw-stargate-network@workspace:.":
  version: 0.0.0-use.local
  resolution: "rw-stargate-network@workspace:."
  dependencies:
    "@types/node": "npm:^24.10.1"
    "@types/ws": "npm:^8.18.1"
    mongodb: "npm:^7.0.0"
    typescript: "npm:^5.9.3"
    ws: "npm:^8.21.0"
  languageName: unknown
  linkType: soft

"sparse-bitfield@npm:^3.0.3":
  version: 3.0.3
  resolution: "sparse-bitfield@npm:3.0.3"
  dependencies:
    memory-pager: "npm:^1.0.2"
  checksum: 10c0/248c6ff7b5e354735e1daac4059222a29c9d291dfcf265daf675d13515eeaac454cfcccd687c8d134f86698b39abd7ad4d7434f7272dd6f8e41a00f21aae4194
  languageName: node
  linkType: hard

"tr46@npm:^5.1.0":
  version: 5.1.1
  resolution: "tr46@npm:5.1.1"
  dependencies:
    punycode: "npm:^2.3.1"
  checksum: 10c0/ae270e194d52ec67ebd695c1a42876e0f19b96e4aca2ab464ab1d9d17dc3acd3e18764f5034c93897db73421563be27c70c98359c4501136a497e46deda5d5ec
  languageName: node
  linkType: hard

"typescript@npm:^5.9.3":
  version: 5.9.3
  resolution: "typescript@npm:5.9.3"
  bin:
    tsc: bin/tsc
    tsserver: bin/tsserver
  checksum: 10c0/6bd7552ce39f97e711db5aa048f6f9995b53f1c52f7d8667c1abdc1700c68a76a308f579cd309ce6b53646deb4e9a1be7c813a93baaf0a28ccd536a30270e1c5
  languageName: node
  linkType: hard

"typescript@patch:typescript@npm%3A^5.9.3#optional!builtin<compat/typescript>":
  version: 5.9.3
  resolution: "typescript@patch:typescript@npm%3A5.9.3#optional!builtin<compat/typescript>::version=5.9.3&hash=5786d5"
  bin:
    tsc: bin/tsc
    tsserver: bin/tsserver
  checksum: 10c0/ad09fdf7a756814dce65bc60c1657b40d44451346858eea230e10f2e95a289d9183b6e32e5c11e95acc0ccc214b4f36289dcad4bf1886b0adb84d711d336a430
  languageName: node
  linkType: hard

"undici-types@npm:~7.16.0":
  version: 7.16.0
  resolution: "undici-types@npm:7.16.0"
  checksum: 10c0/3033e2f2b5c9f1504bdc5934646cb54e37ecaca0f9249c983f7b1fc2e87c6d18399ebb05dc7fd5419e02b2e915f734d872a65da2e3eeed1813951c427d33cc9a
  languageName: node
  linkType: hard

"webidl-conversions@npm:^7.0.0":
  version: 7.0.0
  resolution: "webidl-conversions@npm:7.0.0"
  checksum: 10c0/228d8cb6d270c23b0720cb2d95c579202db3aaf8f633b4e9dd94ec2000a04e7e6e43b76a94509cdb30479bd00ae253ab2371a2da9f81446cc313f89a4213a2c4
  languageName: node
  linkType: hard

"whatwg-url@npm:^14.1.0":
  version: 14.2.0
  resolution: "whatwg-url@npm:14.2.0"
  dependencies:
    tr46: "npm:^5.1.0"
    webidl-conversions: "npm:^7.0.0"
  checksum: 10c0/f746fc2f4c906607d09537de1227b13f9494c171141e5427ed7d2c0dd0b6a48b43d8e71abaae57d368d0c06b673fd8ec63550b32ad5ed64990c7b0266c2b4272
  languageName: node
  linkType: hard

"ws@npm:^8.21.0":
  version: 8.21.0
  resolution: "ws@npm:8.21.0"
  peerDependencies:
    bufferutil: ^4.0.1
    utf-8-validate: ">=5.0.2"
  peerDependenciesMeta:
    bufferutil:
      optional: true
    utf-8-validate:
      optional: true
  checksum: 10c0/ef4a243476283fc49bc7550966c4af4aa0eef56273837211e700de3b664e08604a760cdddcb5ba43c049140e74ccfec5b0ee0bb439e08c2adf9138902fdde5f9
  languageName: node
  linkType: hard
